// !$*UTF8*$!
{
	archiveVersion = 1;
	classes = {
	};
	objectVersion = 55;
	objects = {

/* Begin PBXBuildFile section */
		BD19283A28C1F09700326F93 /* Kingfisher in Frameworks */ = {isa = PBXBuildFile; productRef = BD19283928C1F09700326F93 /* Kingfisher */; };
		BD19283D28C20EEF00326F93 /* Alamofire in Frameworks */ = {isa = PBXBuildFile; productRef = BD19283C28C20EEF00326F93 /* Alamofire */; };
		BD19284128C20FAA00326F93 /* Network.swift in Sources */ = {isa = PBXBuildFile; fileRef = BD19284028C20FAA00326F93 /* Network.swift */; };
		BD447B9B289D7AA300B7ABBC /* ListingView.swift in Sources */ = {isa = PBXBuildFile; fileRef = BD447B9A289D7AA300B7ABBC /* ListingView.swift */; };
		BD67001928C1D31E00ABE969 /* InboxViewVM.swift in Sources */ = {isa = PBXBuildFile; fileRef = BD67000028C1D31E00ABE969 /* InboxViewVM.swift */; };
		BD67001A28C1D31E00ABE969 /* ChatDataModel.swift in Sources */ = {isa = PBXBuildFile; fileRef = BD67000228C1D31E00ABE969 /* ChatDataModel.swift */; };
		BD67001B28C1D31E00ABE969 /* InboxViewCustomizationModel.swift in Sources */ = {isa = PBXBuildFile; fileRef = BD67000328C1D31E00ABE969 /* InboxViewCustomizationModel.swift */; };
		BD67001C28C1D31E00ABE969 /* TitleView.swift in Sources */ = {isa = PBXBuildFile; fileRef = BD67000628C1D31E00ABE969 /* TitleView.swift */; };
		BD67001D28C1D31E00ABE969 /* ChatTextfieldView.swift in Sources */ = {isa = PBXBuildFile; fileRef = BD67000728C1D31E00ABE969 /* ChatTextfieldView.swift */; };
		BD67001E28C1D31E00ABE969 /* ReceiverMultimediaChatCell.swift in Sources */ = {isa = PBXBuildFile; fileRef = BD67000828C1D31E00ABE969 /* ReceiverMultimediaChatCell.swift */; };
		BD67001F28C1D31E00ABE969 /* SenderMultimediaChatCell.swift in Sources */ = {isa = PBXBuildFile; fileRef = BD67000928C1D31E00ABE969 /* SenderMultimediaChatCell.swift */; };
		BD67002028C1D31E00ABE969 /* ReceiverChatCell.swift in Sources */ = {isa = PBXBuildFile; fileRef = BD67000A28C1D31E00ABE969 /* ReceiverChatCell.swift */; };
		BD67002128C1D31E00ABE969 /* SenderChatCell.swift in Sources */ = {isa = PBXBuildFile; fileRef = BD67000B28C1D31E00ABE969 /* SenderChatCell.swift */; };
		BD67002228C1D31E00ABE969 /* InboxView.swift in Sources */ = {isa = PBXBuildFile; fileRef = BD67000D28C1D31E00ABE969 /* InboxView.swift */; };
		BD67002328C1D31E00ABE969 /* Constants.swift in Sources */ = {isa = PBXBuildFile; fileRef = BD67000F28C1D31E00ABE969 /* Constants.swift */; };
		BD67002428C1D31E00ABE969 /* ChatSocket.swift in Sources */ = {isa = PBXBuildFile; fileRef = BD67001128C1D31E00ABE969 /* ChatSocket.swift */; };
		BD67002528C1D31E00ABE969 /* ImagePreviewer.swift in Sources */ = {isa = PBXBuildFile; fileRef = BD67001328C1D31E00ABE969 /* ImagePreviewer.swift */; };
		BD67002628C1D31E00ABE969 /* ZoomableScrollView.swift in Sources */ = {isa = PBXBuildFile; fileRef = BD67001428C1D31E00ABE969 /* ZoomableScrollView.swift */; };
		BD67002728C1D31E00ABE969 /* CSImagePicker.swift in Sources */ = {isa = PBXBuildFile; fileRef = BD67001528C1D31E00ABE969 /* CSImagePicker.swift */; };
		BD67002828C1D31E00ABE969 /* Log.swift in Sources */ = {isa = PBXBuildFile; fileRef = BD67001728C1D31E00ABE969 /* Log.swift */; };
		BD67002928C1D31E00ABE969 /* View+Extension.swift in Sources */ = {isa = PBXBuildFile; fileRef = BD67001828C1D31E00ABE969 /* View+Extension.swift */; };
		BD67003028C1D54700ABE969 /* ListingViewVM.swift in Sources */ = {isa = PBXBuildFile; fileRef = BD67002F28C1D54700ABE969 /* ListingViewVM.swift */; };
		BD6727D7289B83AD00AB7C85 /* ChatAppPOCApp.swift in Sources */ = {isa = PBXBuildFile; fileRef = BD6727D6289B83AD00AB7C85 /* ChatAppPOCApp.swift */; };
		BD6727DB289B83AE00AB7C85 /* Assets.xcassets in Resources */ = {isa = PBXBuildFile; fileRef = BD6727DA289B83AE00AB7C85 /* Assets.xcassets */; };
		BD6727DE289B83AE00AB7C85 /* Preview Assets.xcassets in Resources */ = {isa = PBXBuildFile; fileRef = BD6727DD289B83AE00AB7C85 /* Preview Assets.xcassets */; };
		BDBE626728B8BA9C00D7D979 /* Montserrat-Light.ttf in Resources */ = {isa = PBXBuildFile; fileRef = BDBE626628B8BA9C00D7D979 /* Montserrat-Light.ttf */; };
		BDF06A2528CF0FAB004D1113 /* ChatListingNavLink.swift in Sources */ = {isa = PBXBuildFile; fileRef = BDF06A2428CF0FAB004D1113 /* ChatListingNavLink.swift */; };
		BDF79A54289BC41F005D9995 /* SocketIO in Frameworks */ = {isa = PBXBuildFile; productRef = BDF79A53289BC41F005D9995 /* SocketIO */; };
/* End PBXBuildFile section */

/* Begin PBXFileReference section */
		BD19284028C20FAA00326F93 /* Network.swift */ = {isa = PBXFileReference; lastKnownFileType = sourcecode.swift; path = Network.swift; sourceTree = "<group>"; };
		BD447B9A289D7AA300B7ABBC /* ListingView.swift */ = {isa = PBXFileReference; lastKnownFileType = sourcecode.swift; path = ListingView.swift; sourceTree = "<group>"; };
		BD67000028C1D31E00ABE969 /* InboxViewVM.swift */ = {isa = PBXFileReference; fileEncoding = 4; lastKnownFileType = sourcecode.swift; path = InboxViewVM.swift; sourceTree = "<group>"; };
		BD67000228C1D31E00ABE969 /* ChatDataModel.swift */ = {isa = PBXFileReference; fileEncoding = 4; lastKnownFileType = sourcecode.swift; path = ChatDataModel.swift; sourceTree = "<group>"; };
		BD67000328C1D31E00ABE969 /* InboxViewCustomizationModel.swift */ = {isa = PBXFileReference; fileEncoding = 4; lastKnownFileType = sourcecode.swift; path = InboxViewCustomizationModel.swift; sourceTree = "<group>"; };
		BD67000628C1D31E00ABE969 /* TitleView.swift */ = {isa = PBXFileReference; fileEncoding = 4; lastKnownFileType = sourcecode.swift; path = TitleView.swift; sourceTree = "<group>"; };
		BD67000728C1D31E00ABE969 /* ChatTextfieldView.swift */ = {isa = PBXFileReference; fileEncoding = 4; lastKnownFileType = sourcecode.swift; path = ChatTextfieldView.swift; sourceTree = "<group>"; };
		BD67000828C1D31E00ABE969 /* ReceiverMultimediaChatCell.swift */ = {isa = PBXFileReference; fileEncoding = 4; lastKnownFileType = sourcecode.swift; path = ReceiverMultimediaChatCell.swift; sourceTree = "<group>"; };
		BD67000928C1D31E00ABE969 /* SenderMultimediaChatCell.swift */ = {isa = PBXFileReference; fileEncoding = 4; lastKnownFileType = sourcecode.swift; path = SenderMultimediaChatCell.swift; sourceTree = "<group>"; };
		BD67000A28C1D31E00ABE969 /* ReceiverChatCell.swift */ = {isa = PBXFileReference; fileEncoding = 4; lastKnownFileType = sourcecode.swift; path = ReceiverChatCell.swift; sourceTree = "<group>"; };
		BD67000B28C1D31E00ABE969 /* SenderChatCell.swift */ = {isa = PBXFileReference; fileEncoding = 4; lastKnownFileType = sourcecode.swift; path = SenderChatCell.swift; sourceTree = "<group>"; };
		BD67000D28C1D31E00ABE969 /* InboxView.swift */ = {isa = PBXFileReference; fileEncoding = 4; lastKnownFileType = sourcecode.swift; path = InboxView.swift; sourceTree = "<group>"; };
		BD67000F28C1D31E00ABE969 /* Constants.swift */ = {isa = PBXFileReference; fileEncoding = 4; lastKnownFileType = sourcecode.swift; path = Constants.swift; sourceTree = "<group>"; };
		BD67001128C1D31E00ABE969 /* ChatSocket.swift */ = {isa = PBXFileReference; fileEncoding = 4; lastKnownFileType = sourcecode.swift; path = ChatSocket.swift; sourceTree = "<group>"; };
		BD67001328C1D31E00ABE969 /* ImagePreviewer.swift */ = {isa = PBXFileReference; fileEncoding = 4; lastKnownFileType = sourcecode.swift; path = ImagePreviewer.swift; sourceTree = "<group>"; };
		BD67001428C1D31E00ABE969 /* ZoomableScrollView.swift */ = {isa = PBXFileReference; fileEncoding = 4; lastKnownFileType = sourcecode.swift; path = ZoomableScrollView.swift; sourceTree = "<group>"; };
		BD67001528C1D31E00ABE969 /* CSImagePicker.swift */ = {isa = PBXFileReference; fileEncoding = 4; lastKnownFileType = sourcecode.swift; path = CSImagePicker.swift; sourceTree = "<group>"; };
		BD67001728C1D31E00ABE969 /* Log.swift */ = {isa = PBXFileReference; fileEncoding = 4; lastKnownFileType = sourcecode.swift; path = Log.swift; sourceTree = "<group>"; };
		BD67001828C1D31E00ABE969 /* View+Extension.swift */ = {isa = PBXFileReference; fileEncoding = 4; lastKnownFileType = sourcecode.swift; path = "View+Extension.swift"; sourceTree = "<group>"; };
		BD67002F28C1D54700ABE969 /* ListingViewVM.swift */ = {isa = PBXFileReference; lastKnownFileType = sourcecode.swift; path = ListingViewVM.swift; sourceTree = "<group>"; };
		BD6727D3289B83AD00AB7C85 /* ChatAppPOC.app */ = {isa = PBXFileReference; explicitFileType = wrapper.application; includeInIndex = 0; path = ChatAppPOC.app; sourceTree = BUILT_PRODUCTS_DIR; };
		BD6727D6289B83AD00AB7C85 /* ChatAppPOCApp.swift */ = {isa = PBXFileReference; lastKnownFileType = sourcecode.swift; path = ChatAppPOCApp.swift; sourceTree = "<group>"; };
		BD6727DA289B83AE00AB7C85 /* Assets.xcassets */ = {isa = PBXFileReference; lastKnownFileType = folder.assetcatalog; path = Assets.xcassets; sourceTree = "<group>"; };
		BD6727DD289B83AE00AB7C85 /* Preview Assets.xcassets */ = {isa = PBXFileReference; lastKnownFileType = folder.assetcatalog; path = "Preview Assets.xcassets"; sourceTree = "<group>"; };
		BDBE626628B8BA9C00D7D979 /* Montserrat-Light.ttf */ = {isa = PBXFileReference; lastKnownFileType = file; path = "Montserrat-Light.ttf"; sourceTree = "<group>"; };
		BDBE626828B8BAB800D7D979 /* Info.plist */ = {isa = PBXFileReference; lastKnownFileType = text.plist; path = Info.plist; sourceTree = "<group>"; };
		BDF06A2428CF0FAB004D1113 /* ChatListingNavLink.swift */ = {isa = PBXFileReference; lastKnownFileType = sourcecode.swift; path = ChatListingNavLink.swift; sourceTree = "<group>"; };
/* End PBXFileReference section */

/* Begin PBXFrameworksBuildPhase section */
		BD6727D0289B83AD00AB7C85 /* Frameworks */ = {
			isa = PBXFrameworksBuildPhase;
			buildActionMask = 2147483647;
			files = (
				BD19283D28C20EEF00326F93 /* Alamofire in Frameworks */,
				BD19283A28C1F09700326F93 /* Kingfisher in Frameworks */,
				BDF79A54289BC41F005D9995 /* SocketIO in Frameworks */,
			);
			runOnlyForDeploymentPostprocessing = 0;
		};
/* End PBXFrameworksBuildPhase section */

/* Begin PBXGroup section */
		BD19283E28C20F6900326F93 /* Wrapper */ = {
			isa = PBXGroup;
			children = (
				BD19283F28C20F7000326F93 /* Alamofire */,
			);
			path = Wrapper;
			sourceTree = "<group>";
		};
		BD19283F28C20F7000326F93 /* Alamofire */ = {
			isa = PBXGroup;
			children = (
				BD19284028C20FAA00326F93 /* Network.swift */,
			);
			path = Alamofire;
			sourceTree = "<group>";
		};
		BD447B99289D7A9000B7ABBC /* ListingView */ = {
			isa = PBXGroup;
			children = (
				BD67002C28C1D4FB00ABE969 /* Model */,
				BD67002B28C1D4F600ABE969 /* View */,
				BD67002A28C1D4F300ABE969 /* ViewModel */,
			);
			path = ListingView;
			sourceTree = "<group>";
		};
		BD4FBBE7289B8AFA00F691EF /* Packages */ = {
			isa = PBXGroup;
			children = (
			);
			name = Packages;
			sourceTree = "<group>";
		};
		BD67000128C1D31E00ABE969 /* Model */ = {
			isa = PBXGroup;
			children = (
				BD67000228C1D31E00ABE969 /* ChatDataModel.swift */,
				BD67000328C1D31E00ABE969 /* InboxViewCustomizationModel.swift */,
			);
			path = Model;
			sourceTree = "<group>";
		};
		BD67000428C1D31E00ABE969 /* View */ = {
			isa = PBXGroup;
			children = (
				BD67000528C1D31E00ABE969 /* Components */,
				BD67000C28C1D31E00ABE969 /* Main */,
			);
			path = View;
			sourceTree = "<group>";
		};
		BD67000528C1D31E00ABE969 /* Components */ = {
			isa = PBXGroup;
			children = (
				BD67000628C1D31E00ABE969 /* TitleView.swift */,
				BD67000728C1D31E00ABE969 /* ChatTextfieldView.swift */,
				BD67000828C1D31E00ABE969 /* ReceiverMultimediaChatCell.swift */,
				BD67000928C1D31E00ABE969 /* SenderMultimediaChatCell.swift */,
				BD67000A28C1D31E00ABE969 /* ReceiverChatCell.swift */,
				BD67000B28C1D31E00ABE969 /* SenderChatCell.swift */,
			);
			path = Components;
			sourceTree = "<group>";
		};
		BD67000C28C1D31E00ABE969 /* Main */ = {
			isa = PBXGroup;
			children = (
				BD67000D28C1D31E00ABE969 /* InboxView.swift */,
			);
			path = Main;
			sourceTree = "<group>";
		};
		BD67000E28C1D31E00ABE969 /* Constants */ = {
			isa = PBXGroup;
			children = (
				BD67000F28C1D31E00ABE969 /* Constants.swift */,
			);
			path = Constants;
			sourceTree = "<group>";
		};
		BD67001028C1D31E00ABE969 /* Socket */ = {
			isa = PBXGroup;
			children = (
				BD67001128C1D31E00ABE969 /* ChatSocket.swift */,
			);
			path = Socket;
			sourceTree = "<group>";
		};
		BD67001228C1D31E00ABE969 /* ImagePreviewer */ = {
			isa = PBXGroup;
			children = (
				BD67001328C1D31E00ABE969 /* ImagePreviewer.swift */,
				BD67001428C1D31E00ABE969 /* ZoomableScrollView.swift */,
				BD67001528C1D31E00ABE969 /* CSImagePicker.swift */,
			);
			path = ImagePreviewer;
			sourceTree = "<group>";
		};
		BD67001628C1D31E00ABE969 /* Helper */ = {
			isa = PBXGroup;
			children = (
				BD67001728C1D31E00ABE969 /* Log.swift */,
				BD67001828C1D31E00ABE969 /* View+Extension.swift */,
			);
			path = Helper;
			sourceTree = "<group>";
		};
		BD67002A28C1D4F300ABE969 /* ViewModel */ = {
			isa = PBXGroup;
			children = (
				BD67002F28C1D54700ABE969 /* ListingViewVM.swift */,
			);
			path = ViewModel;
			sourceTree = "<group>";
		};
		BD67002B28C1D4F600ABE969 /* View */ = {
			isa = PBXGroup;
			children = (
				BD67002E28C1D50C00ABE969 /* Components */,
				BD67002D28C1D50900ABE969 /* View */,
			);
			path = View;
			sourceTree = "<group>";
		};
		BD67002C28C1D4FB00ABE969 /* Model */ = {
			isa = PBXGroup;
			children = (
			);
			path = Model;
			sourceTree = "<group>";
		};
		BD67002D28C1D50900ABE969 /* View */ = {
			isa = PBXGroup;
			children = (
				BD447B9A289D7AA300B7ABBC /* ListingView.swift */,
			);
			path = View;
			sourceTree = "<group>";
		};
		BD67002E28C1D50C00ABE969 /* Components */ = {
			isa = PBXGroup;
			children = (
				BDF06A2428CF0FAB004D1113 /* ChatListingNavLink.swift */,
			);
			path = Components;
			sourceTree = "<group>";
		};
		BD6727CA289B83AD00AB7C85 = {
			isa = PBXGroup;
			children = (
				BD4FBBE7289B8AFA00F691EF /* Packages */,
				BD6727D5289B83AD00AB7C85 /* ChatAppPOC */,
				BD6727D4289B83AD00AB7C85 /* Products */,
				BDF79A32289B8C8C005D9995 /* Frameworks */,
			);
			sourceTree = "<group>";
		};
		BD6727D4289B83AD00AB7C85 /* Products */ = {
			isa = PBXGroup;
			children = (
				BD6727D3289B83AD00AB7C85 /* ChatAppPOC.app */,
			);
			name = Products;
			sourceTree = "<group>";
		};
		BD6727D5289B83AD00AB7C85 /* ChatAppPOC */ = {
			isa = PBXGroup;
			children = (
				BD67FFFD28C1D31E00ABE969 /* ChatSocket */,
				BDBE626828B8BAB800D7D979 /* Info.plist */,
				BDBE626528B8B7B400D7D979 /* CustomFonts */,
				BDF79A48289B9D5A005D9995 /* Example */,
				BD6727DC289B83AE00AB7C85 /* Preview Content */,
				BDF79A39289B90AD005D9995 /* Resources */,
			);
			path = ChatAppPOC;
			sourceTree = "<group>";
		};
		BD6727DC289B83AE00AB7C85 /* Preview Content */ = {
			isa = PBXGroup;
			children = (
				BD6727DD289B83AE00AB7C85 /* Preview Assets.xcassets */,
			);
			path = "Preview Content";
			sourceTree = "<group>";
		};
		BD67FFFD28C1D31E00ABE969 /* ChatSocket */ = {
			isa = PBXGroup;
			children = (
				BD19283E28C20F6900326F93 /* Wrapper */,
				BD67FFFE28C1D31E00ABE969 /* Inbox */,
				BD67000E28C1D31E00ABE969 /* Constants */,
				BD67001028C1D31E00ABE969 /* Socket */,
				BD67001228C1D31E00ABE969 /* ImagePreviewer */,
				BD67001628C1D31E00ABE969 /* Helper */,
			);
			path = ChatSocket;
			sourceTree = "<group>";
		};
		BD67FFFE28C1D31E00ABE969 /* Inbox */ = {
			isa = PBXGroup;
			children = (
				BD67FFFF28C1D31E00ABE969 /* ViewModel */,
				BD67000128C1D31E00ABE969 /* Model */,
				BD67000428C1D31E00ABE969 /* View */,
			);
			path = Inbox;
			sourceTree = "<group>";
		};
		BD67FFFF28C1D31E00ABE969 /* ViewModel */ = {
			isa = PBXGroup;
			children = (
				BD67000028C1D31E00ABE969 /* InboxViewVM.swift */,
			);
			path = ViewModel;
			sourceTree = "<group>";
		};
		BDBE626528B8B7B400D7D979 /* CustomFonts */ = {
			isa = PBXGroup;
			children = (
				BDBE626628B8BA9C00D7D979 /* Montserrat-Light.ttf */,
			);
			path = CustomFonts;
			sourceTree = "<group>";
		};
		BDF79A32289B8C8C005D9995 /* Frameworks */ = {
			isa = PBXGroup;
			children = (
			);
			name = Frameworks;
			sourceTree = "<group>";
		};
		BDF79A39289B90AD005D9995 /* Resources */ = {
			isa = PBXGroup;
			children = (
				BD6727DA289B83AE00AB7C85 /* Assets.xcassets */,
				BD6727D6289B83AD00AB7C85 /* ChatAppPOCApp.swift */,
			);
			path = Resources;
			sourceTree = "<group>";
		};
		BDF79A48289B9D5A005D9995 /* Example */ = {
			isa = PBXGroup;
			children = (
				BD447B99289D7A9000B7ABBC /* ListingView */,
			);
			path = Example;
			sourceTree = "<group>";
		};
/* End PBXGroup section */

/* Begin PBXNativeTarget section */
		BD6727D2289B83AD00AB7C85 /* ChatAppPOC */ = {
			isa = PBXNativeTarget;
			buildConfigurationList = BD6727E1289B83AE00AB7C85 /* Build configuration list for PBXNativeTarget "ChatAppPOC" */;
			buildPhases = (
				BD6727CF289B83AD00AB7C85 /* Sources */,
				BD6727D0289B83AD00AB7C85 /* Frameworks */,
				BD6727D1289B83AD00AB7C85 /* Resources */,
				BDA4A32028D300640005795D /* ShellScript */,
			);
			buildRules = (
			);
			dependencies = (
			);
			name = ChatAppPOC;
			packageProductDependencies = (
				BDF79A53289BC41F005D9995 /* SocketIO */,
				BD19283928C1F09700326F93 /* Kingfisher */,
				BD19283C28C20EEF00326F93 /* Alamofire */,
			);
			productName = ChatAppPOC;
			productReference = BD6727D3289B83AD00AB7C85 /* ChatAppPOC.app */;
			productType = "com.apple.product-type.application";
		};
/* End PBXNativeTarget section */

/* Begin PBXProject section */
		BD6727CB289B83AD00AB7C85 /* Project object */ = {
			isa = PBXProject;
			attributes = {
				BuildIndependentTargetsInParallel = 1;
				LastSwiftUpdateCheck = 1340;
				LastUpgradeCheck = 1340;
				TargetAttributes = {
					BD6727D2289B83AD00AB7C85 = {
						CreatedOnToolsVersion = 13.4.1;
					};
				};
			};
			buildConfigurationList = BD6727CE289B83AD00AB7C85 /* Build configuration list for PBXProject "ChatAppPOC" */;
			compatibilityVersion = "Xcode 13.0";
			developmentRegion = en;
			hasScannedForEncodings = 0;
			knownRegions = (
				en,
				Base,
			);
			mainGroup = BD6727CA289B83AD00AB7C85;
			packageReferences = (
				BDF79A52289BC41F005D9995 /* XCRemoteSwiftPackageReference "socket.io-client-swift" */,
				BD19283828C1F09600326F93 /* XCRemoteSwiftPackageReference "Kingfisher" */,
				BD19283B28C20EEF00326F93 /* XCRemoteSwiftPackageReference "Alamofire" */,
			);
			productRefGroup = BD6727D4289B83AD00AB7C85 /* Products */;
			projectDirPath = "";
			projectRoot = "";
			targets = (
				BD6727D2289B83AD00AB7C85 /* ChatAppPOC */,
			);
		};
/* End PBXProject section */

/* Begin PBXResourcesBuildPhase section */
		BD6727D1289B83AD00AB7C85 /* Resources */ = {
			isa = PBXResourcesBuildPhase;
			buildActionMask = 2147483647;
			files = (
				BDBE626728B8BA9C00D7D979 /* Montserrat-Light.ttf in Resources */,
				BD6727DE289B83AE00AB7C85 /* Preview Assets.xcassets in Resources */,
				BD6727DB289B83AE00AB7C85 /* Assets.xcassets in Resources */,
			);
			runOnlyForDeploymentPostprocessing = 0;
		};
/* End PBXResourcesBuildPhase section */

/* Begin PBXShellScriptBuildPhase section */
		BDA4A32028D300640005795D /* ShellScript */ = {
			isa = PBXShellScriptBuildPhase;
			buildActionMask = 2147483647;
			files = (
			);
			inputFileListPaths = (
			);
			inputPaths = (
			);
			outputFileListPaths = (
			);
			outputPaths = (
			);
			runOnlyForDeploymentPostprocessing = 0;
			shellPath = /bin/sh;
			shellScript = "# Type a script or drag a script file from your workspace to insert its path.\nif which swiftlint >/dev/null; then\n        swiftlint\nelse \n        echo \" warning: swiftlint not installed, download from github\"\nfi\n";
		};
/* End PBXShellScriptBuildPhase section */

/* Begin PBXSourcesBuildPhase section */
		BD6727CF289B83AD00AB7C85 /* Sources */ = {
			isa = PBXSourcesBuildPhase;
			buildActionMask = 2147483647;
			files = (
				BD67002428C1D31E00ABE969 /* ChatSocket.swift in Sources */,
				BD6727D7289B83AD00AB7C85 /* ChatAppPOCApp.swift in Sources */,
				BD67002828C1D31E00ABE969 /* Log.swift in Sources */,
				BD67002928C1D31E00ABE969 /* View+Extension.swift in Sources */,
				BD67002228C1D31E00ABE969 /* InboxView.swift in Sources */,
				BD19284128C20FAA00326F93 /* Network.swift in Sources */,
				BD67001A28C1D31E00ABE969 /* ChatDataModel.swift in Sources */,
				BD67002128C1D31E00ABE969 /* SenderChatCell.swift in Sources */,
				BD67001B28C1D31E00ABE969 /* InboxViewCustomizationModel.swift in Sources */,
				BD67002628C1D31E00ABE969 /* ZoomableScrollView.swift in Sources */,
				BD67001F28C1D31E00ABE969 /* SenderMultimediaChatCell.swift in Sources */,
				BD67002528C1D31E00ABE969 /* ImagePreviewer.swift in Sources */,
				BD447B9B289D7AA300B7ABBC /* ListingView.swift in Sources */,
				BD67002328C1D31E00ABE969 /* Constants.swift in Sources */,
				BD67001928C1D31E00ABE969 /* InboxViewVM.swift in Sources */,
				BD67003028C1D54700ABE969 /* ListingViewVM.swift in Sources */,
				BDF06A2528CF0FAB004D1113 /* ChatListingNavLink.swift in Sources */,
				BD67002028C1D31E00ABE969 /* ReceiverChatCell.swift in Sources */,
				BD67002728C1D31E00ABE969 /* CSImagePicker.swift in Sources */,
				BD67001C28C1D31E00ABE969 /* TitleView.swift in Sources */,
				BD67001E28C1D31E00ABE969 /* ReceiverMultimediaChatCell.swift in Sources */,
				BD67001D28C1D31E00ABE969 /* ChatTextfieldView.swift in Sources */,
			);
			runOnlyForDeploymentPostprocessing = 0;
		};
/* End PBXSourcesBuildPhase section */

/* Begin XCBuildConfiguration section */
		BD6727DF289B83AE00AB7C85 /* Debug */ = {
			isa = XCBuildConfiguration;
			buildSettings = {
				ALWAYS_SEARCH_USER_PATHS = NO;
				CLANG_ANALYZER_NONNULL = YES;
				CLANG_ANALYZER_NUMBER_OBJECT_CONVERSION = YES_AGGRESSIVE;
				CLANG_CXX_LANGUAGE_STANDARD = "gnu++17";
				CLANG_ENABLE_MODULES = YES;
				CLANG_ENABLE_OBJC_ARC = YES;
				CLANG_ENABLE_OBJC_WEAK = YES;
				CLANG_WARN_BLOCK_CAPTURE_AUTORELEASING = YES;
				CLANG_WARN_BOOL_CONVERSION = YES;
				CLANG_WARN_COMMA = YES;
				CLANG_WARN_CONSTANT_CONVERSION = YES;
				CLANG_WARN_DEPRECATED_OBJC_IMPLEMENTATIONS = YES;
				CLANG_WARN_DIRECT_OBJC_ISA_USAGE = YES_ERROR;
				CLANG_WARN_DOCUMENTATION_COMMENTS = YES;
				CLANG_WARN_EMPTY_BODY = YES;
				CLANG_WARN_ENUM_CONVERSION = YES;
				CLANG_WARN_INFINITE_RECURSION = YES;
				CLANG_WARN_INT_CONVERSION = YES;
				CLANG_WARN_NON_LITERAL_NULL_CONVERSION = YES;
				CLANG_WARN_OBJC_IMPLICIT_RETAIN_SELF = YES;
				CLANG_WARN_OBJC_LITERAL_CONVERSION = YES;
				CLANG_WARN_OBJC_ROOT_CLASS = YES_ERROR;
				CLANG_WARN_QUOTED_INCLUDE_IN_FRAMEWORK_HEADER = YES;
				CLANG_WARN_RANGE_LOOP_ANALYSIS = YES;
				CLANG_WARN_STRICT_PROTOTYPES = YES;
				CLANG_WARN_SUSPICIOUS_MOVE = YES;
				CLANG_WARN_UNGUARDED_AVAILABILITY = YES_AGGRESSIVE;
				CLANG_WARN_UNREACHABLE_CODE = YES;
				CLANG_WARN__DUPLICATE_METHOD_MATCH = YES;
				COPY_PHASE_STRIP = NO;
				DEBUG_INFORMATION_FORMAT = dwarf;
				ENABLE_STRICT_OBJC_MSGSEND = YES;
				ENABLE_TESTABILITY = YES;
				GCC_C_LANGUAGE_STANDARD = gnu11;
				GCC_DYNAMIC_NO_PIC = NO;
				GCC_NO_COMMON_BLOCKS = YES;
				GCC_OPTIMIZATION_LEVEL = 0;
				GCC_PREPROCESSOR_DEFINITIONS = (
					"DEBUG=1",
					"$(inherited)",
				);
				GCC_WARN_64_TO_32_BIT_CONVERSION = YES;
				GCC_WARN_ABOUT_RETURN_TYPE = YES_ERROR;
				GCC_WARN_UNDECLARED_SELECTOR = YES;
				GCC_WARN_UNINITIALIZED_AUTOS = YES_AGGRESSIVE;
				GCC_WARN_UNUSED_FUNCTION = YES;
				GCC_WARN_UNUSED_VARIABLE = YES;
				IPHONEOS_DEPLOYMENT_TARGET = 15.0;
				MTL_ENABLE_DEBUG_INFO = INCLUDE_SOURCE;
				MTL_FAST_MATH = YES;
				ONLY_ACTIVE_ARCH = YES;
				SDKROOT = iphoneos;
				SWIFT_ACTIVE_COMPILATION_CONDITIONS = DEBUG;
				SWIFT_OPTIMIZATION_LEVEL = "-Onone";
			};
			name = Debug;
		};
		BD6727E0289B83AE00AB7C85 /* Release */ = {
			isa = XCBuildConfiguration;
			buildSettings = {
				ALWAYS_SEARCH_USER_PATHS = NO;
				CLANG_ANALYZER_NONNULL = YES;
				CLANG_ANALYZER_NUMBER_OBJECT_CONVERSION = YES_AGGRESSIVE;
				CLANG_CXX_LANGUAGE_STANDARD = "gnu++17";
				CLANG_ENABLE_MODULES = YES;
				CLANG_ENABLE_OBJC_ARC = YES;
				CLANG_ENABLE_OBJC_WEAK = YES;
				CLANG_WARN_BLOCK_CAPTURE_AUTORELEASING = YES;
				CLANG_WARN_BOOL_CONVERSION = YES;
				CLANG_WARN_COMMA = YES;
				CLANG_WARN_CONSTANT_CONVERSION = YES;
				CLANG_WARN_DEPRECATED_OBJC_IMPLEMENTATIONS = YES;
				CLANG_WARN_DIRECT_OBJC_ISA_USAGE = YES_ERROR;
				CLANG_WARN_DOCUMENTATION_COMMENTS = YES;
				CLANG_WARN_EMPTY_BODY = YES;
				CLANG_WARN_ENUM_CONVERSION = YES;
				CLANG_WARN_INFINITE_RECURSION = YES;
				CLANG_WARN_INT_CONVERSION = YES;
				CLANG_WARN_NON_LITERAL_NULL_CONVERSION = YES;
				CLANG_WARN_OBJC_IMPLICIT_RETAIN_SELF = YES;
				CLANG_WARN_OBJC_LITERAL_CONVERSION = YES;
				CLANG_WARN_OBJC_ROOT_CLASS = YES_ERROR;
				CLANG_WARN_QUOTED_INCLUDE_IN_FRAMEWORK_HEADER = YES;
				CLANG_WARN_RANGE_LOOP_ANALYSIS = YES;
				CLANG_WARN_STRICT_PROTOTYPES = YES;
				CLANG_WARN_SUSPICIOUS_MOVE = YES;
				CLANG_WARN_UNGUARDED_AVAILABILITY = YES_AGGRESSIVE;
				CLANG_WARN_UNREACHABLE_CODE = YES;
				CLANG_WARN__DUPLICATE_METHOD_MATCH = YES;
				COPY_PHASE_STRIP = NO;
				DEBUG_INFORMATION_FORMAT = "dwarf-with-dsym";
				ENABLE_NS_ASSERTIONS = NO;
				ENABLE_STRICT_OBJC_MSGSEND = YES;
				GCC_C_LANGUAGE_STANDARD = gnu11;
				GCC_NO_COMMON_BLOCKS = YES;
				GCC_WARN_64_TO_32_BIT_CONVERSION = YES;
				GCC_WARN_ABOUT_RETURN_TYPE = YES_ERROR;
				GCC_WARN_UNDECLARED_SELECTOR = YES;
				GCC_WARN_UNINITIALIZED_AUTOS = YES_AGGRESSIVE;
				GCC_WARN_UNUSED_FUNCTION = YES;
				GCC_WARN_UNUSED_VARIABLE = YES;
				IPHONEOS_DEPLOYMENT_TARGET = 15.0;
				MTL_ENABLE_DEBUG_INFO = NO;
				MTL_FAST_MATH = YES;
				SDKROOT = iphoneos;
				SWIFT_COMPILATION_MODE = wholemodule;
				SWIFT_OPTIMIZATION_LEVEL = "-O";
				VALIDATE_PRODUCT = YES;
			};
			name = Release;
		};
		BD6727E2289B83AE00AB7C85 /* Debug */ = {
			isa = XCBuildConfiguration;
			buildSettings = {
				ASSETCATALOG_COMPILER_APPICON_NAME = AppIcon;
				ASSETCATALOG_COMPILER_GLOBAL_ACCENT_COLOR_NAME = AccentColor;
				CODE_SIGN_IDENTITY = "Apple Development";
				CODE_SIGN_STYLE = Automatic;
				CURRENT_PROJECT_VERSION = 1;
				DEVELOPMENT_ASSET_PATHS = "\"ChatAppPOC/Preview Content\"";
				DEVELOPMENT_TEAM = 8SZ27954MH;
				ENABLE_PREVIEWS = YES;
				GENERATE_INFOPLIST_FILE = YES;
				INFOPLIST_FILE = ChatAppPOC/Info.plist;
				INFOPLIST_KEY_LSApplicationCategoryType = "public.app-category.developer-tools";
				INFOPLIST_KEY_UIApplicationSceneManifest_Generation = YES;
				INFOPLIST_KEY_UIApplicationSupportsIndirectInputEvents = YES;
				INFOPLIST_KEY_UILaunchScreen_Generation = YES;
				INFOPLIST_KEY_UISupportedInterfaceOrientations = UIInterfaceOrientationPortrait;
				INFOPLIST_KEY_UISupportedInterfaceOrientations_iPad = "UIInterfaceOrientationPortrait UIInterfaceOrientationPortraitUpsideDown UIInterfaceOrientationLandscapeLeft UIInterfaceOrientationLandscapeRight";
				INFOPLIST_KEY_UISupportedInterfaceOrientations_iPhone = "UIInterfaceOrientationPortrait UIInterfaceOrientationLandscapeLeft UIInterfaceOrientationLandscapeRight";
				IPHONEOS_DEPLOYMENT_TARGET = 15.0;
				LD_RUNPATH_SEARCH_PATHS = (
					"$(inherited)",
					"@executable_path/Frameworks",
				);
				MARKETING_VERSION = 1.0;
				PRODUCT_BUNDLE_IDENTIFIER = com.quokkalabs.ChatAppPOC;
				PRODUCT_NAME = "$(TARGET_NAME)";
				PROVISIONING_PROFILE_SPECIFIER = "";
				SWIFT_EMIT_LOC_STRINGS = YES;
				SWIFT_VERSION = 5.0;
				TARGETED_DEVICE_FAMILY = "1,2";
			};
			name = Debug;
		};
		BD6727E3289B83AE00AB7C85 /* Release */ = {
			isa = XCBuildConfiguration;
			buildSettings = {
				ASSETCATALOG_COMPILER_APPICON_NAME = AppIcon;
				ASSETCATALOG_COMPILER_GLOBAL_ACCENT_COLOR_NAME = AccentColor;
				CODE_SIGN_IDENTITY = "Apple Development";
				CODE_SIGN_STYLE = Automatic;
				CURRENT_PROJECT_VERSION = 1;
				DEVELOPMENT_ASSET_PATHS = "\"ChatAppPOC/Preview Content\"";
				DEVELOPMENT_TEAM = 8SZ27954MH;
				ENABLE_PREVIEWS = YES;
				GENERATE_INFOPLIST_FILE = YES;
				INFOPLIST_FILE = ChatAppPOC/Info.plist;
				INFOPLIST_KEY_LSApplicationCategoryType = "public.app-category.developer-tools";
				INFOPLIST_KEY_UIApplicationSceneManifest_Generation = YES;
				INFOPLIST_KEY_UIApplicationSupportsIndirectInputEvents = YES;
				INFOPLIST_KEY_UILaunchScreen_Generation = YES;
				INFOPLIST_KEY_UISupportedInterfaceOrientations = UIInterfaceOrientationPortrait;
				INFOPLIST_KEY_UISupportedInterfaceOrientations_iPad = "UIInterfaceOrientationPortrait UIInterfaceOrientationPortraitUpsideDown UIInterfaceOrientationLandscapeLeft UIInterfaceOrientationLandscapeRight";
				INFOPLIST_KEY_UISupportedInterfaceOrientations_iPhone = "UIInterfaceOrientationPortrait UIInterfaceOrientationLandscapeLeft UIInterfaceOrientationLandscapeRight";
				IPHONEOS_DEPLOYMENT_TARGET = 15.0;
				LD_RUNPATH_SEARCH_PATHS = (
					"$(inherited)",
					"@executable_path/Frameworks",
				);
				MARKETING_VERSION = 1.0;
				PRODUCT_BUNDLE_IDENTIFIER = com.quokkalabs.ChatAppPOC;
				PRODUCT_NAME = "$(TARGET_NAME)";
				PROVISIONING_PROFILE_SPECIFIER = "";
				SWIFT_EMIT_LOC_STRINGS = YES;
				SWIFT_VERSION = 5.0;
				TARGETED_DEVICE_FAMILY = "1,2";
			};
			name = Release;
		};
/* End XCBuildConfiguration section */

/* Begin XCConfigurationList section */
		BD6727CE289B83AD00AB7C85 /* Build configuration list for PBXProject "ChatAppPOC" */ = {
			isa = XCConfigurationList;
			buildConfigurations = (
				BD6727DF289B83AE00AB7C85 /* Debug */,
				BD6727E0289B83AE00AB7C85 /* Release */,
			);
			defaultConfigurationIsVisible = 0;
			defaultConfigurationName = Release;
		};
		BD6727E1289B83AE00AB7C85 /* Build configuration list for PBXNativeTarget "ChatAppPOC" */ = {
			isa = XCConfigurationList;
			buildConfigurations = (
				BD6727E2289B83AE00AB7C85 /* Debug */,
				BD6727E3289B83AE00AB7C85 /* Release */,
			);
			defaultConfigurationIsVisible = 0;
			defaultConfigurationName = Release;
		};
/* End XCConfigurationList section */

/* Begin XCRemoteSwiftPackageReference section */
		BD19283828C1F09600326F93 /* XCRemoteSwiftPackageReference "Kingfisher" */ = {
			isa = XCRemoteSwiftPackageReference;
			repositoryURL = "https://github.com/onevcat/Kingfisher.git";
			requirement = {
				kind = upToNextMajorVersion;
				minimumVersion = 7.0.0;
			};
		};
		BD19283B28C20EEF00326F93 /* XCRemoteSwiftPackageReference "Alamofire" */ = {
			isa = XCRemoteSwiftPackageReference;
			repositoryURL = "https://github.com/Alamofire/Alamofire.git";
			requirement = {
				kind = upToNextMajorVersion;
				minimumVersion = 5.0.0;
			};
		};
		BDF79A52289BC41F005D9995 /* XCRemoteSwiftPackageReference "socket.io-client-swift" */ = {
			isa = XCRemoteSwiftPackageReference;
			repositoryURL = "https://github.com/socketio/socket.io-client-swift.git";
			requirement = {
				branch = master;
				kind = branch;
			};
		};
/* End XCRemoteSwiftPackageReference section */

/* Begin XCSwiftPackageProductDependency section */
		BD19283928C1F09700326F93 /* Kingfisher */ = {
			isa = XCSwiftPackageProductDependency;
			package = BD19283828C1F09600326F93 /* XCRemoteSwiftPackageReference "Kingfisher" */;
			productName = Kingfisher;
		};
		BD19283C28C20EEF00326F93 /* Alamofire */ = {
			isa = XCSwiftPackageProductDependency;
			package = BD19283B28C20EEF00326F93 /* XCRemoteSwiftPackageReference "Alamofire" */;
			productName = Alamofire;
		};
		BDF79A53289BC41F005D9995 /* SocketIO */ = {
			isa = XCSwiftPackageProductDependency;
			package = BDF79A52289BC41F005D9995 /* XCRemoteSwiftPackageReference "socket.io-client-swift" */;
			productName = SocketIO;
		};
/* End XCSwiftPackageProductDependency section */
	};
	rootObject = BD6727CB289B83AD00AB7C85 /* Project object */;
}
